
Microsoft Visual Studio Solution File, Format Version 12.00
# Visual Studio 14
VisualStudioVersion = 14.0.25420.1
MinimumVisualStudioVersion = 10.0.40219.1
Project("{FAE04EC0-301F-11D3-BF4B-00C04F79EFBC}") = "MirokuExample", "MirokuExample\MirokuExample.csproj", "{8481C523-5827-45B8-9BFA-E80A76D2B536}"
EndProject
Project("{FAE04EC0-301F-11D3-BF4B-00C04F79EFBC}") = "MirokuExample.CodeFirstDB", "MirokuExample.CodeFirstDB\MirokuExample.CodeFirstDB.csproj", "{F69E2AB2-4E6D-47A1-A974-DFCDE1260D83}"
EndProject
Project("{FAE04EC0-301F-11D3-BF4B-00C04F79EFBC}") = "MirokuExample.CodeFirstFromDB", "MirokuExample.CodeFirstFromDB\MirokuExample.CodeFirstFromDB.csproj", "{AD5AA568-139C-4FD7-8B8B-367C2EAAFC76}"
EndProject
Global
	GlobalSection(SolutionConfigurationPlatforms) = preSolution
		Debug|Any CPU = Debug|Any CPU
		Release|Any CPU = Release|Any CPU
	EndGlobalSection
	GlobalSection(ProjectConfigurationPlatforms) = postSolution
		{8481C523-5827-45B8-9BFA-E80A76D2B536}.Debug|Any CPU.ActiveCfg = Debug|Any CPU
		{8481C523-5827-45B8-9BFA-E80A76D2B536}.Debug|Any CPU.Build.0 = Debug|Any CPU
		{8481C523-5827-45B8-9BFA-E80A76D2B536}.Release|Any CPU.ActiveCfg = Release|Any CPU
		{8481C523-5827-45B8-9BFA-E80A76D2B536}.Release|Any CPU.Build.0 = Release|Any CPU
		{F69E2AB2-4E6D-47A1-A974-DFCDE1260D83}.Debug|Any CPU.ActiveCfg = Debug|Any CPU
		{F69E2AB2-4E6D-47A1-A974-DFCDE1260D83}.Debug|Any CPU.Build.0 = Debug|Any CPU
		{F69E2AB2-4E6D-47A1-A974-DFCDE1260D83}.Release|Any CPU.ActiveCfg = Release|Any CPU
		{F69E2AB2-4E6D-47A1-A974-DFCDE1260D83}.Release|Any CPU.Build.0 = Release|Any CPU
		{AD5AA568-139C-4FD7-8B8B-367C2EAAFC76}.Debug|Any CPU.ActiveCfg = Debug|Any CPU
		{AD5AA568-139C-4FD7-8B8B-367C2EAAFC76}.Debug|Any CPU.Build.0 = Debug|Any CPU
		{AD5AA568-139C-4FD7-8B8B-367C2EAAFC76}.Release|Any CPU.ActiveCfg = Release|Any CPU
		{AD5AA568-139C-4FD7-8B8B-367C2EAAFC76}.Release|Any CPU.Build.0 = Release|Any CPU
	EndGlobalSection
	GlobalSection(SolutionProperties) = preSolution
		HideSolutionNode = FALSE
	EndGlobalSection
EndGlobal
